
Microsoft Visual Studio Solution File, Format Version 12.00
# Visual Studio 15
VisualStudioVersion = 15.0.27428.1
MinimumVisualStudioVersion = 10.0.40219.1
Project("{FAE04EC0-301F-11D3-BF4B-00C04F79EFBC}") = "NN3", "NN3\NN3.csproj", "{BF2AC2AC-3B5F-482E-BC88-0BAA25B21B51}"
EndProject
Global
	GlobalSection(SolutionConfigurationPlatforms) = preSolution
		Debug|Any CPU = Debug|Any CPU
		Release|Any CPU = Release|Any CPU
	EndGlobalSection
	GlobalSection(ProjectConfigurationPlatforms) = postSolution
		{BF2AC2AC-3B5F-482E-BC88-0BAA25B21B51}.Debug|Any CPU.ActiveCfg = Debug|Any CPU
		{BF2AC2AC-3B5F-482E-BC88-0BAA25B21B51}.Debug|Any CPU.Build.0 = Debug|Any CPU
		{BF2AC2AC-3B5F-482E-BC88-0BAA25B21B51}.Release|Any CPU.ActiveCfg = Release|Any CPU
		{BF2AC2AC-3B5F-482E-BC88-0BAA25B21B51}.Release|Any CPU.Build.0 = Release|Any CPU
	EndGlobalSection
	GlobalSection(SolutionProperties) = preSolution
		HideSolutionNode = FALSE
	EndGlobalSection
	GlobalSection(ExtensibilityGlobals) = postSolution
		SolutionGuid = {27285B11-B2E3-4BD1-892A-73F899C9218F}
	EndGlobalSection
EndGlobal
